
Microsoft Visual Studio Solution File, Format Version 12.00
Project("{FAE04EC0-301F-11D3-BF4B-00C04F79EFBC}") = "RedBlackTree", "RedBlackTree\RedBlackTree.csproj", "{56254AAF-1113-4761-AA19-F026B8A1824E}"
EndProject
Project("{FAE04EC0-301F-11D3-BF4B-00C04F79EFBC}") = "Tests", "Tests\Tests.csproj", "{2353A97E-9A6F-442D-BB68-5EAFBDBC2D8D}"
EndProject
Project("{FAE04EC0-301F-11D3-BF4B-00C04F79EFBC}") = "ConsoleApp", "ConsoleApp\ConsoleApp.csproj", "{2B087D57-FD1D-4A79-AF14-914A313AB8DA}"
EndProject
Global
	GlobalSection(SolutionConfigurationPlatforms) = preSolution
		Debug|Any CPU = Debug|Any CPU
		Release|Any CPU = Release|Any CPU
	EndGlobalSection
	GlobalSection(ProjectConfigurationPlatforms) = postSolution
		{56254AAF-1113-4761-AA19-F026B8A1824E}.Debug|Any CPU.ActiveCfg = Debug|Any CPU
		{56254AAF-1113-4761-AA19-F026B8A1824E}.Debug|Any CPU.Build.0 = Debug|Any CPU
		{56254AAF-1113-4761-AA19-F026B8A1824E}.Release|Any CPU.ActiveCfg = Release|Any CPU
		{56254AAF-1113-4761-AA19-F026B8A1824E}.Release|Any CPU.Build.0 = Release|Any CPU
		{2353A97E-9A6F-442D-BB68-5EAFBDBC2D8D}.Debug|Any CPU.ActiveCfg = Debug|Any CPU
		{2353A97E-9A6F-442D-BB68-5EAFBDBC2D8D}.Debug|Any CPU.Build.0 = Debug|Any CPU
		{2353A97E-9A6F-442D-BB68-5EAFBDBC2D8D}.Release|Any CPU.ActiveCfg = Release|Any CPU
		{2353A97E-9A6F-442D-BB68-5EAFBDBC2D8D}.Release|Any CPU.Build.0 = Release|Any CPU
		{2B087D57-FD1D-4A79-AF14-914A313AB8DA}.Debug|Any CPU.ActiveCfg = Debug|Any CPU
		{2B087D57-FD1D-4A79-AF14-914A313AB8DA}.Debug|Any CPU.Build.0 = Debug|Any CPU
		{2B087D57-FD1D-4A79-AF14-914A313AB8DA}.Release|Any CPU.ActiveCfg = Release|Any CPU
		{2B087D57-FD1D-4A79-AF14-914A313AB8DA}.Release|Any CPU.Build.0 = Release|Any CPU
	EndGlobalSection
EndGlobal
